
Microsoft Visual Studio Solution File, Format Version 12.00
# Visual Studio Version 17
VisualStudioVersion = 17.3.32901.215
MinimumVisualStudioVersion = 10.0.40219.1
Project("{9A19103F-16F7-4668-BE54-9A1E7A4F7556}") = "maturita_rpg", "maturita_rpg\maturita_rpg.csproj", "{155D82D0-5DDB-492A-8D47-B1DD0963D40F}"
EndProject
Global
	GlobalSection(SolutionConfigurationPlatforms) = preSolution
		Debug|Any CPU = Debug|Any CPU
		Release|Any CPU = Release|Any CPU
	EndGlobalSection
	GlobalSection(ProjectConfigurationPlatforms) = postSolution
		{155D82D0-5DDB-492A-8D47-B1DD0963D40F}.Debug|Any CPU.ActiveCfg = Debug|Any CPU
		{155D82D0-5DDB-492A-8D47-B1DD0963D40F}.Debug|Any CPU.Build.0 = Debug|Any CPU
		{155D82D0-5DDB-492A-8D47-B1DD0963D40F}.Release|Any CPU.ActiveCfg = Release|Any CPU
		{155D82D0-5DDB-492A-8D47-B1DD0963D40F}.Release|Any CPU.Build.0 = Release|Any CPU
	EndGlobalSection
	GlobalSection(SolutionProperties) = preSolution
		HideSolutionNode = FALSE
	EndGlobalSection
	GlobalSection(ExtensibilityGlobals) = postSolution
		SolutionGuid = {D6D20A0C-E925-4748-AB13-342813D25FCA}
	EndGlobalSection
EndGlobal
